
Microsoft Visual Studio Solution File, Format Version 12.00
# Visual Studio Version 16
VisualStudioVersion = 16.0.30523.141
MinimumVisualStudioVersion = 10.0.40219.1
Project("{FAE04EC0-301F-11D3-BF4B-00C04F79EFBC}") = "Tp_Cabañas_Cacchione_Majdalani", "Tp_Cabañas_Cacchione_Majdalani.csproj", "{A58CF801-00DB-4D1E-90C6-AB549CB77147}"
EndProject
Project("{FAE04EC0-301F-11D3-BF4B-00C04F79EFBC}") = "Dominio", "..\Dominio\Dominio.csproj", "{A95DDB7B-6AD5-4B56-ACC4-BCF0FFB46269}"
EndProject
Project("{FAE04EC0-301F-11D3-BF4B-00C04F79EFBC}") = "Negocio", "..\Negocio\Negocio.csproj", "{C1C84846-731E-4DFE-B807-D70E1EB0586A}"
EndProject
Global
	GlobalSection(SolutionConfigurationPlatforms) = preSolution
		Debug|Any CPU = Debug|Any CPU
		Release|Any CPU = Release|Any CPU
	EndGlobalSection
	GlobalSection(ProjectConfigurationPlatforms) = postSolution
		{A58CF801-00DB-4D1E-90C6-AB549CB77147}.Debug|Any CPU.ActiveCfg = Debug|Any CPU
		{A58CF801-00DB-4D1E-90C6-AB549CB77147}.Debug|Any CPU.Build.0 = Debug|Any CPU
		{A58CF801-00DB-4D1E-90C6-AB549CB77147}.Release|Any CPU.ActiveCfg = Release|Any CPU
		{A58CF801-00DB-4D1E-90C6-AB549CB77147}.Release|Any CPU.Build.0 = Release|Any CPU
		{A95DDB7B-6AD5-4B56-ACC4-BCF0FFB46269}.Debug|Any CPU.ActiveCfg = Debug|Any CPU
		{A95DDB7B-6AD5-4B56-ACC4-BCF0FFB46269}.Debug|Any CPU.Build.0 = Debug|Any CPU
		{A95DDB7B-6AD5-4B56-ACC4-BCF0FFB46269}.Release|Any CPU.ActiveCfg = Release|Any CPU
		{A95DDB7B-6AD5-4B56-ACC4-BCF0FFB46269}.Release|Any CPU.Build.0 = Release|Any CPU
		{C1C84846-731E-4DFE-B807-D70E1EB0586A}.Debug|Any CPU.ActiveCfg = Debug|Any CPU
		{C1C84846-731E-4DFE-B807-D70E1EB0586A}.Debug|Any CPU.Build.0 = Debug|Any CPU
		{C1C84846-731E-4DFE-B807-D70E1EB0586A}.Release|Any CPU.ActiveCfg = Release|Any CPU
		{C1C84846-731E-4DFE-B807-D70E1EB0586A}.Release|Any CPU.Build.0 = Release|Any CPU
	EndGlobalSection
	GlobalSection(SolutionProperties) = preSolution
		HideSolutionNode = FALSE
	EndGlobalSection
	GlobalSection(ExtensibilityGlobals) = postSolution
		SolutionGuid = {7ACD4355-5EA1-4171-AC19-66F7B2C7CF10}
	EndGlobalSection
EndGlobal
