
Microsoft Visual Studio Solution File, Format Version 12.00
# Visual Studio Version 16
VisualStudioVersion = 16.0.30621.155
MinimumVisualStudioVersion = 10.0.40219.1
Project("{FAE04EC0-301F-11D3-BF4B-00C04F79EFBC}") = "TPC_CacchioneMajdalani", "TPC_CacchioneMajdalani.csproj", "{7061FB00-46CA-4B64-A220-86B0351E0B0F}"
EndProject
Project("{FAE04EC0-301F-11D3-BF4B-00C04F79EFBC}") = "Dominio", "..\Dominio\Dominio.csproj", "{5895113D-7B66-43DF-9BAB-41F5B05A11DF}"
EndProject
Project("{FAE04EC0-301F-11D3-BF4B-00C04F79EFBC}") = "Negocio", "..\Negocio\Negocio.csproj", "{A7BC4A6A-DAC7-4855-A7F6-ACB522886021}"
EndProject
Global
	GlobalSection(SolutionConfigurationPlatforms) = preSolution
		Debug|Any CPU = Debug|Any CPU
		Release|Any CPU = Release|Any CPU
	EndGlobalSection
	GlobalSection(ProjectConfigurationPlatforms) = postSolution
		{7061FB00-46CA-4B64-A220-86B0351E0B0F}.Debug|Any CPU.ActiveCfg = Debug|Any CPU
		{7061FB00-46CA-4B64-A220-86B0351E0B0F}.Debug|Any CPU.Build.0 = Debug|Any CPU
		{7061FB00-46CA-4B64-A220-86B0351E0B0F}.Release|Any CPU.ActiveCfg = Release|Any CPU
		{7061FB00-46CA-4B64-A220-86B0351E0B0F}.Release|Any CPU.Build.0 = Release|Any CPU
		{5895113D-7B66-43DF-9BAB-41F5B05A11DF}.Debug|Any CPU.ActiveCfg = Debug|Any CPU
		{5895113D-7B66-43DF-9BAB-41F5B05A11DF}.Debug|Any CPU.Build.0 = Debug|Any CPU
		{5895113D-7B66-43DF-9BAB-41F5B05A11DF}.Release|Any CPU.ActiveCfg = Release|Any CPU
		{5895113D-7B66-43DF-9BAB-41F5B05A11DF}.Release|Any CPU.Build.0 = Release|Any CPU
		{A7BC4A6A-DAC7-4855-A7F6-ACB522886021}.Debug|Any CPU.ActiveCfg = Debug|Any CPU
		{A7BC4A6A-DAC7-4855-A7F6-ACB522886021}.Debug|Any CPU.Build.0 = Debug|Any CPU
		{A7BC4A6A-DAC7-4855-A7F6-ACB522886021}.Release|Any CPU.ActiveCfg = Release|Any CPU
		{A7BC4A6A-DAC7-4855-A7F6-ACB522886021}.Release|Any CPU.Build.0 = Release|Any CPU
	EndGlobalSection
	GlobalSection(SolutionProperties) = preSolution
		HideSolutionNode = FALSE
	EndGlobalSection
	GlobalSection(ExtensibilityGlobals) = postSolution
		SolutionGuid = {3673CC46-CB15-480A-A50B-7D412635FF6D}
	EndGlobalSection
EndGlobal
